// !$*UTF8*$!
{
	archiveVersion = 1;
	classes = {
	};
	objectVersion = 51;
	objects = {

/* Begin PBXBuildFile section */
		0561C9B2243B96D1006A17BD /* LoginViewController.swift in Sources */ = {isa = PBXBuildFile; fileRef = 0561C9B1243B96D1006A17BD /* LoginViewController.swift */; };
		05624C58244785FB00045071 /* WorkTableViewController.swift in Sources */ = {isa = PBXBuildFile; fileRef = 05624C57244785FB00045071 /* WorkTableViewController.swift */; };
		05624C5B2447874200045071 /* HeaderTableViewCell.swift in Sources */ = {isa = PBXBuildFile; fileRef = 05624C592447874200045071 /* HeaderTableViewCell.swift */; };
		05624C5C2447874200045071 /* HeaderTableViewCell.xib in Resources */ = {isa = PBXBuildFile; fileRef = 05624C5A2447874200045071 /* HeaderTableViewCell.xib */; };
		0566A962243C38F9000C7BBC /* User.swift in Sources */ = {isa = PBXBuildFile; fileRef = 0566A961243C38F9000C7BBC /* User.swift */; };
		0566A964243C3902000C7BBC /* News.swift in Sources */ = {isa = PBXBuildFile; fileRef = 0566A963243C3902000C7BBC /* News.swift */; };
		0566A966243C3B59000C7BBC /* LocalFile.swift in Sources */ = {isa = PBXBuildFile; fileRef = 0566A965243C3B59000C7BBC /* LocalFile.swift */; };
		0566A96A243C498F000C7BBC /* NewsDetailViewController.swift in Sources */ = {isa = PBXBuildFile; fileRef = 0566A968243C498F000C7BBC /* NewsDetailViewController.swift */; };
		0566A96B243C498F000C7BBC /* NewsDetailViewController.xib in Resources */ = {isa = PBXBuildFile; fileRef = 0566A969243C498F000C7BBC /* NewsDetailViewController.xib */; };
		0566A96E243C5824000C7BBC /* StringExtension.swift in Sources */ = {isa = PBXBuildFile; fileRef = 0566A96D243C5824000C7BBC /* StringExtension.swift */; };
		058C8349243A4DDB009F571C /* AppDelegate.swift in Sources */ = {isa = PBXBuildFile; fileRef = 058C8348243A4DDB009F571C /* AppDelegate.swift */; };
		058C834B243A4DDB009F571C /* SceneDelegate.swift in Sources */ = {isa = PBXBuildFile; fileRef = 058C834A243A4DDB009F571C /* SceneDelegate.swift */; };
		058C834D243A4DDB009F571C /* ViewController.swift in Sources */ = {isa = PBXBuildFile; fileRef = 058C834C243A4DDB009F571C /* ViewController.swift */; };
		058C8350243A4DDB009F571C /* Main.storyboard in Resources */ = {isa = PBXBuildFile; fileRef = 058C834E243A4DDB009F571C /* Main.storyboard */; };
		058C8352243A4DDD009F571C /* Assets.xcassets in Resources */ = {isa = PBXBuildFile; fileRef = 058C8351243A4DDD009F571C /* Assets.xcassets */; };
		058C8355243A4DDD009F571C /* LaunchScreen.storyboard in Resources */ = {isa = PBXBuildFile; fileRef = 058C8353243A4DDD009F571C /* LaunchScreen.storyboard */; };
		058C8360243A4DDD009F571C /* CMU_WFMTests.swift in Sources */ = {isa = PBXBuildFile; fileRef = 058C835F243A4DDD009F571C /* CMU_WFMTests.swift */; };
		058C836B243A4DDD009F571C /* CMU_WFMUITests.swift in Sources */ = {isa = PBXBuildFile; fileRef = 058C836A243A4DDD009F571C /* CMU_WFMUITests.swift */; };
		0592F1FB2441C7C000AE527D /* ProfileViewController.swift in Sources */ = {isa = PBXBuildFile; fileRef = 0592F1F92441C7BF00AE527D /* ProfileViewController.swift */; };
		0592F1FE2441CFB300AE527D /* LunchViewController.swift in Sources */ = {isa = PBXBuildFile; fileRef = 0592F1FD2441CFB300AE527D /* LunchViewController.swift */; };
		0593D54E2444860800B76C36 /* GoogleService-Info.plist in Resources */ = {isa = PBXBuildFile; fileRef = 0593D54D2444860800B76C36 /* GoogleService-Info.plist */; };
		0593D5522444901E00B76C36 /* AboutViewController.swift in Sources */ = {isa = PBXBuildFile; fileRef = 0593D5502444901E00B76C36 /* AboutViewController.swift */; };
		0593D5532444901E00B76C36 /* AboutViewController.xib in Resources */ = {isa = PBXBuildFile; fileRef = 0593D5512444901E00B76C36 /* AboutViewController.xib */; };
		19D5F298C4187810DEFD572F /* Pods_CMU_WFMTests.framework in Frameworks */ = {isa = PBXBuildFile; fileRef = 3538116273CCEB4F11B4594F /* Pods_CMU_WFMTests.framework */; };
		4E62A607799882E6A5C7961A /* Pods_CMU_WFM_CMU_WFMUITests.framework in Frameworks */ = {isa = PBXBuildFile; fileRef = B839C3B334C98B6D4034A55C /* Pods_CMU_WFM_CMU_WFMUITests.framework */; };
		DEAF098FC21DAB43E2FF68A7 /* Pods_CMU_WFM.framework in Frameworks */ = {isa = PBXBuildFile; fileRef = A1FCE38CFE40095EC6DFF701 /* Pods_CMU_WFM.framework */; };
/* End PBXBuildFile section */

/* Begin PBXContainerItemProxy section */
		058C835C243A4DDD009F571C /* PBXContainerItemProxy */ = {
			isa = PBXContainerItemProxy;
			containerPortal = 058C833D243A4DDB009F571C /* Project object */;
			proxyType = 1;
			remoteGlobalIDString = 058C8344243A4DDB009F571C;
			remoteInfo = CMU_WFM;
		};
		058C8367243A4DDD009F571C /* PBXContainerItemProxy */ = {
			isa = PBXContainerItemProxy;
			containerPortal = 058C833D243A4DDB009F571C /* Project object */;
			proxyType = 1;
			remoteGlobalIDString = 058C8344243A4DDB009F571C;
			remoteInfo = CMU_WFM;
		};
/* End PBXContainerItemProxy section */

/* Begin PBXFileReference section */
		0561C9B1243B96D1006A17BD /* LoginViewController.swift */ = {isa = PBXFileReference; lastKnownFileType = sourcecode.swift; path = LoginViewController.swift; sourceTree = "<group>"; };
		05624C57244785FB00045071 /* WorkTableViewController.swift */ = {isa = PBXFileReference; lastKnownFileType = sourcecode.swift; path = WorkTableViewController.swift; sourceTree = "<group>"; };
		05624C592447874200045071 /* HeaderTableViewCell.swift */ = {isa = PBXFileReference; lastKnownFileType = sourcecode.swift; path = HeaderTableViewCell.swift; sourceTree = "<group>"; };
		05624C5A2447874200045071 /* HeaderTableViewCell.xib */ = {isa = PBXFileReference; lastKnownFileType = file.xib; path = HeaderTableViewCell.xib; sourceTree = "<group>"; };
		0566A961243C38F9000C7BBC /* User.swift */ = {isa = PBXFileReference; lastKnownFileType = sourcecode.swift; path = User.swift; sourceTree = "<group>"; };
		0566A963243C3902000C7BBC /* News.swift */ = {isa = PBXFileReference; lastKnownFileType = sourcecode.swift; path = News.swift; sourceTree = "<group>"; };
		0566A965243C3B59000C7BBC /* LocalFile.swift */ = {isa = PBXFileReference; lastKnownFileType = sourcecode.swift; path = LocalFile.swift; sourceTree = "<group>"; };
		0566A968243C498F000C7BBC /* NewsDetailViewController.swift */ = {isa = PBXFileReference; lastKnownFileType = sourcecode.swift; path = NewsDetailViewController.swift; sourceTree = "<group>"; };
		0566A969243C498F000C7BBC /* NewsDetailViewController.xib */ = {isa = PBXFileReference; lastKnownFileType = file.xib; path = NewsDetailViewController.xib; sourceTree = "<group>"; };
		0566A96D243C5824000C7BBC /* StringExtension.swift */ = {isa = PBXFileReference; lastKnownFileType = sourcecode.swift; path = StringExtension.swift; sourceTree = "<group>"; };
		058C8345243A4DDB009F571C /* CMU_WFM.app */ = {isa = PBXFileReference; explicitFileType = wrapper.application; includeInIndex = 0; path = CMU_WFM.app; sourceTree = BUILT_PRODUCTS_DIR; };
		058C8348243A4DDB009F571C /* AppDelegate.swift */ = {isa = PBXFileReference; lastKnownFileType = sourcecode.swift; path = AppDelegate.swift; sourceTree = "<group>"; };
		058C834A243A4DDB009F571C /* SceneDelegate.swift */ = {isa = PBXFileReference; lastKnownFileType = sourcecode.swift; path = SceneDelegate.swift; sourceTree = "<group>"; };
		058C834C243A4DDB009F571C /* ViewController.swift */ = {isa = PBXFileReference; lastKnownFileType = sourcecode.swift; path = ViewController.swift; sourceTree = "<group>"; };
		058C834F243A4DDB009F571C /* Base */ = {isa = PBXFileReference; lastKnownFileType = file.storyboard; name = Base; path = Base.lproj/Main.storyboard; sourceTree = "<group>"; };
		058C8351243A4DDD009F571C /* Assets.xcassets */ = {isa = PBXFileReference; lastKnownFileType = folder.assetcatalog; path = Assets.xcassets; sourceTree = "<group>"; };
		058C8354243A4DDD009F571C /* Base */ = {isa = PBXFileReference; lastKnownFileType = file.storyboard; name = Base; path = Base.lproj/LaunchScreen.storyboard; sourceTree = "<group>"; };
		058C8356243A4DDD009F571C /* Info.plist */ = {isa = PBXFileReference; lastKnownFileType = text.plist.xml; path = Info.plist; sourceTree = "<group>"; };
		058C835B243A4DDD009F571C /* CMU_WFMTests.xctest */ = {isa = PBXFileReference; explicitFileType = wrapper.cfbundle; includeInIndex = 0; path = CMU_WFMTests.xctest; sourceTree = BUILT_PRODUCTS_DIR; };
		058C835F243A4DDD009F571C /* CMU_WFMTests.swift */ = {isa = PBXFileReference; lastKnownFileType = sourcecode.swift; path = CMU_WFMTests.swift; sourceTree = "<group>"; };
		058C8361243A4DDD009F571C /* Info.plist */ = {isa = PBXFileReference; lastKnownFileType = text.plist.xml; path = Info.plist; sourceTree = "<group>"; };
		058C8366243A4DDD009F571C /* CMU_WFMUITests.xctest */ = {isa = PBXFileReference; explicitFileType = wrapper.cfbundle; includeInIndex = 0; path = CMU_WFMUITests.xctest; sourceTree = BUILT_PRODUCTS_DIR; };
		058C836A243A4DDD009F571C /* CMU_WFMUITests.swift */ = {isa = PBXFileReference; lastKnownFileType = sourcecode.swift; path = CMU_WFMUITests.swift; sourceTree = "<group>"; };
		058C836C243A4DDD009F571C /* Info.plist */ = {isa = PBXFileReference; lastKnownFileType = text.plist.xml; path = Info.plist; sourceTree = "<group>"; };
		0592F1F92441C7BF00AE527D /* ProfileViewController.swift */ = {isa = PBXFileReference; lastKnownFileType = sourcecode.swift; path = ProfileViewController.swift; sourceTree = "<group>"; };
		0592F1FD2441CFB300AE527D /* LunchViewController.swift */ = {isa = PBXFileReference; lastKnownFileType = sourcecode.swift; path = LunchViewController.swift; sourceTree = "<group>"; };
		0593D54D2444860800B76C36 /* GoogleService-Info.plist */ = {isa = PBXFileReference; fileEncoding = 4; lastKnownFileType = text.plist.xml; path = "GoogleService-Info.plist"; sourceTree = "<group>"; };
		0593D5502444901E00B76C36 /* AboutViewController.swift */ = {isa = PBXFileReference; lastKnownFileType = sourcecode.swift; path = AboutViewController.swift; sourceTree = "<group>"; };
		0593D5512444901E00B76C36 /* AboutViewController.xib */ = {isa = PBXFileReference; lastKnownFileType = file.xib; path = AboutViewController.xib; sourceTree = "<group>"; };
		1F83CCEBA2B2DC890B12A4BF /* Pods-CMU_WFMTests.release.xcconfig */ = {isa = PBXFileReference; includeInIndex = 1; lastKnownFileType = text.xcconfig; name = "Pods-CMU_WFMTests.release.xcconfig"; path = "Target Support Files/Pods-CMU_WFMTests/Pods-CMU_WFMTests.release.xcconfig"; sourceTree = "<group>"; };
		3538116273CCEB4F11B4594F /* Pods_CMU_WFMTests.framework */ = {isa = PBXFileReference; explicitFileType = wrapper.framework; includeInIndex = 0; path = Pods_CMU_WFMTests.framework; sourceTree = BUILT_PRODUCTS_DIR; };
		6079591AA999541B74686D34 /* Pods-CMU_WFM.release.xcconfig */ = {isa = PBXFileReference; includeInIndex = 1; lastKnownFileType = text.xcconfig; name = "Pods-CMU_WFM.release.xcconfig"; path = "Target Support Files/Pods-CMU_WFM/Pods-CMU_WFM.release.xcconfig"; sourceTree = "<group>"; };
		78654B25AD3BDEB194093BDE /* Pods-CMU_WFM-CMU_WFMUITests.debug.xcconfig */ = {isa = PBXFileReference; includeInIndex = 1; lastKnownFileType = text.xcconfig; name = "Pods-CMU_WFM-CMU_WFMUITests.debug.xcconfig"; path = "Target Support Files/Pods-CMU_WFM-CMU_WFMUITests/Pods-CMU_WFM-CMU_WFMUITests.debug.xcconfig"; sourceTree = "<group>"; };
		90FFC32B94E07C7F8A2432E2 /* Pods-CMU_WFM.debug.xcconfig */ = {isa = PBXFileReference; includeInIndex = 1; lastKnownFileType = text.xcconfig; name = "Pods-CMU_WFM.debug.xcconfig"; path = "Target Support Files/Pods-CMU_WFM/Pods-CMU_WFM.debug.xcconfig"; sourceTree = "<group>"; };
		A1FCE38CFE40095EC6DFF701 /* Pods_CMU_WFM.framework */ = {isa = PBXFileReference; explicitFileType = wrapper.framework; includeInIndex = 0; path = Pods_CMU_WFM.framework; sourceTree = BUILT_PRODUCTS_DIR; };
		AC0B174D745947059943DCE2 /* Pods-CMU_WFMTests.debug.xcconfig */ = {isa = PBXFileReference; includeInIndex = 1; lastKnownFileType = text.xcconfig; name = "Pods-CMU_WFMTests.debug.xcconfig"; path = "Target Support Files/Pods-CMU_WFMTests/Pods-CMU_WFMTests.debug.xcconfig"; sourceTree = "<group>"; };
		B839C3B334C98B6D4034A55C /* Pods_CMU_WFM_CMU_WFMUITests.framework */ = {isa = PBXFileReference; explicitFileType = wrapper.framework; includeInIndex = 0; path = Pods_CMU_WFM_CMU_WFMUITests.framework; sourceTree = BUILT_PRODUCTS_DIR; };
		F35282C6841BDFAF3DB8AB9A /* Pods-CMU_WFM-CMU_WFMUITests.release.xcconfig */ = {isa = PBXFileReference; includeInIndex = 1; lastKnownFileType = text.xcconfig; name = "Pods-CMU_WFM-CMU_WFMUITests.release.xcconfig"; path = "Target Support Files/Pods-CMU_WFM-CMU_WFMUITests/Pods-CMU_WFM-CMU_WFMUITests.release.xcconfig"; sourceTree = "<group>"; };
/* End PBXFileReference section */

/* Begin PBXFrameworksBuildPhase section */
		058C8342243A4DDB009F571C /* Frameworks */ = {
			isa = PBXFrameworksBuildPhase;
			buildActionMask = 2147483647;
			files = (
				DEAF098FC21DAB43E2FF68A7 /* Pods_CMU_WFM.framework in Frameworks */,
			);
			runOnlyForDeploymentPostprocessing = 0;
		};
		058C8358243A4DDD009F571C /* Frameworks */ = {
			isa = PBXFrameworksBuildPhase;
			buildActionMask = 2147483647;
			files = (
				19D5F298C4187810DEFD572F /* Pods_CMU_WFMTests.framework in Frameworks */,
			);
			runOnlyForDeploymentPostprocessing = 0;
		};
		058C8363243A4DDD009F571C /* Frameworks */ = {
			isa = PBXFrameworksBuildPhase;
			buildActionMask = 2147483647;
			files = (
				4E62A607799882E6A5C7961A /* Pods_CMU_WFM_CMU_WFMUITests.framework in Frameworks */,
			);
			runOnlyForDeploymentPostprocessing = 0;
		};
/* End PBXFrameworksBuildPhase section */

/* Begin PBXGroup section */
		05624C56244785E800045071 /* Work */ = {
			isa = PBXGroup;
			children = (
				05624C57244785FB00045071 /* WorkTableViewController.swift */,
				05624C592447874200045071 /* HeaderTableViewCell.swift */,
				05624C5A2447874200045071 /* HeaderTableViewCell.xib */,
			);
			path = Work;
			sourceTree = "<group>";
		};
		0566A960243C38EA000C7BBC /* DTO */ = {
			isa = PBXGroup;
			children = (
				0566A961243C38F9000C7BBC /* User.swift */,
				0566A963243C3902000C7BBC /* News.swift */,
				0566A965243C3B59000C7BBC /* LocalFile.swift */,
			);
			path = DTO;
			sourceTree = "<group>";
		};
		0566A967243C497C000C7BBC /* News */ = {
			isa = PBXGroup;
			children = (
				0566A968243C498F000C7BBC /* NewsDetailViewController.swift */,
				0566A969243C498F000C7BBC /* NewsDetailViewController.xib */,
			);
			path = News;
			sourceTree = "<group>";
		};
		0566A96C243C5816000C7BBC /* Extension */ = {
			isa = PBXGroup;
			children = (
				0566A96D243C5824000C7BBC /* StringExtension.swift */,
			);
			path = Extension;
			sourceTree = "<group>";
		};
		058C833C243A4DDB009F571C = {
			isa = PBXGroup;
			children = (
				058C8347243A4DDB009F571C /* CMU_WFM */,
				058C835E243A4DDD009F571C /* CMU_WFMTests */,
				058C8369243A4DDD009F571C /* CMU_WFMUITests */,
				058C8346243A4DDB009F571C /* Products */,
				093B82DC3DF1E3623AC644AD /* Pods */,
				34D8C244D6711864D19DF460 /* Frameworks */,
			);
			sourceTree = "<group>";
		};
		058C8346243A4DDB009F571C /* Products */ = {
			isa = PBXGroup;
			children = (
				058C8345243A4DDB009F571C /* CMU_WFM.app */,
				058C835B243A4DDD009F571C /* CMU_WFMTests.xctest */,
				058C8366243A4DDD009F571C /* CMU_WFMUITests.xctest */,
			);
			name = Products;
			sourceTree = "<group>";
		};
		058C8347243A4DDB009F571C /* CMU_WFM */ = {
			isa = PBXGroup;
			children = (
				0593D554244492B000B76C36 /* Regis */,
				0566A96C243C5816000C7BBC /* Extension */,
				0566A960243C38EA000C7BBC /* DTO */,
				0566A967243C497C000C7BBC /* News */,
				0592F1F82441C76C00AE527D /* Profile */,
				05624C56244785E800045071 /* Work */,
				058C8348243A4DDB009F571C /* AppDelegate.swift */,
				058C834A243A4DDB009F571C /* SceneDelegate.swift */,
				058C834C243A4DDB009F571C /* ViewController.swift */,
				058C834E243A4DDB009F571C /* Main.storyboard */,
				058C8351243A4DDD009F571C /* Assets.xcassets */,
				058C8353243A4DDD009F571C /* LaunchScreen.storyboard */,
				0593D54D2444860800B76C36 /* GoogleService-Info.plist */,
				058C8356243A4DDD009F571C /* Info.plist */,
			);
			path = CMU_WFM;
			sourceTree = "<group>";
		};
		058C835E243A4DDD009F571C /* CMU_WFMTests */ = {
			isa = PBXGroup;
			children = (
				058C835F243A4DDD009F571C /* CMU_WFMTests.swift */,
				058C8361243A4DDD009F571C /* Info.plist */,
			);
			path = CMU_WFMTests;
			sourceTree = "<group>";
		};
		058C8369243A4DDD009F571C /* CMU_WFMUITests */ = {
			isa = PBXGroup;
			children = (
				058C836A243A4DDD009F571C /* CMU_WFMUITests.swift */,
				058C836C243A4DDD009F571C /* Info.plist */,
			);
			path = CMU_WFMUITests;
			sourceTree = "<group>";
		};
		0592F1F82441C76C00AE527D /* Profile */ = {
			isa = PBXGroup;
			children = (
				0593D54F2444900B00B76C36 /* About */,
				0592F1F92441C7BF00AE527D /* ProfileViewController.swift */,
			);
			path = Profile;
			sourceTree = "<group>";
		};
		0593D54F2444900B00B76C36 /* About */ = {
			isa = PBXGroup;
			children = (
				0593D5502444901E00B76C36 /* AboutViewController.swift */,
				0593D5512444901E00B76C36 /* AboutViewController.xib */,
			);
			path = About;
			sourceTree = "<group>";
		};
		0593D554244492B000B76C36 /* Regis */ = {
			isa = PBXGroup;
			children = (
				0592F1FD2441CFB300AE527D /* LunchViewController.swift */,
				0561C9B1243B96D1006A17BD /* LoginViewController.swift */,
			);
			path = Regis;
			sourceTree = "<group>";
		};
		093B82DC3DF1E3623AC644AD /* Pods */ = {
			isa = PBXGroup;
			children = (
				90FFC32B94E07C7F8A2432E2 /* Pods-CMU_WFM.debug.xcconfig */,
				6079591AA999541B74686D34 /* Pods-CMU_WFM.release.xcconfig */,
				78654B25AD3BDEB194093BDE /* Pods-CMU_WFM-CMU_WFMUITests.debug.xcconfig */,
				F35282C6841BDFAF3DB8AB9A /* Pods-CMU_WFM-CMU_WFMUITests.release.xcconfig */,
				AC0B174D745947059943DCE2 /* Pods-CMU_WFMTests.debug.xcconfig */,
				1F83CCEBA2B2DC890B12A4BF /* Pods-CMU_WFMTests.release.xcconfig */,
			);
			path = Pods;
			sourceTree = "<group>";
		};
		34D8C244D6711864D19DF460 /* Frameworks */ = {
			isa = PBXGroup;
			children = (
				A1FCE38CFE40095EC6DFF701 /* Pods_CMU_WFM.framework */,
				B839C3B334C98B6D4034A55C /* Pods_CMU_WFM_CMU_WFMUITests.framework */,
				3538116273CCEB4F11B4594F /* Pods_CMU_WFMTests.framework */,
			);
			name = Frameworks;
			sourceTree = "<group>";
		};
/* End PBXGroup section */

/* Begin PBXNativeTarget section */
		058C8344243A4DDB009F571C /* CMU_WFM */ = {
			isa = PBXNativeTarget;
			buildConfigurationList = 058C836F243A4DDD009F571C /* Build configuration list for PBXNativeTarget "CMU_WFM" */;
			buildPhases = (
				49910D661ED062642329B349 /* [CP] Check Pods Manifest.lock */,
				058C8341243A4DDB009F571C /* Sources */,
				058C8342243A4DDB009F571C /* Frameworks */,
				058C8343243A4DDB009F571C /* Resources */,
				0A0432E5DE08A4B4966F3639 /* [CP] Embed Pods Frameworks */,
				750BA9C6925E0CD53C817F31 /* [CP] Copy Pods Resources */,
			);
			buildRules = (
			);
			dependencies = (
			);
			name = CMU_WFM;
			productName = CMU_WFM;
			productReference = 058C8345243A4DDB009F571C /* CMU_WFM.app */;
			productType = "com.apple.product-type.application";
		};
		058C835A243A4DDD009F571C /* CMU_WFMTests */ = {
			isa = PBXNativeTarget;
			buildConfigurationList = 058C8372243A4DDD009F571C /* Build configuration list for PBXNativeTarget "CMU_WFMTests" */;
			buildPhases = (
				C403B9AF3CE5FDF446DA8327 /* [CP] Check Pods Manifest.lock */,
				058C8357243A4DDD009F571C /* Sources */,
				058C8358243A4DDD009F571C /* Frameworks */,
				058C8359243A4DDD009F571C /* Resources */,
			);
			buildRules = (
			);
			dependencies = (
				058C835D243A4DDD009F571C /* PBXTargetDependency */,
			);
			name = CMU_WFMTests;
			productName = CMU_WFMTests;
			productReference = 058C835B243A4DDD009F571C /* CMU_WFMTests.xctest */;
			productType = "com.apple.product-type.bundle.unit-test";
		};
		058C8365243A4DDD009F571C /* CMU_WFMUITests */ = {
			isa = PBXNativeTarget;
			buildConfigurationList = 058C8375243A4DDD009F571C /* Build configuration list for PBXNativeTarget "CMU_WFMUITests" */;
			buildPhases = (
				7278369FC63B51B833DF0AAD /* [CP] Check Pods Manifest.lock */,
				058C8362243A4DDD009F571C /* Sources */,
				058C8363243A4DDD009F571C /* Frameworks */,
				058C8364243A4DDD009F571C /* Resources */,
				42AC85018DA00F76AADDBEBF /* [CP] Embed Pods Frameworks */,
				66CDC6BFE4884B8F36F057FE /* [CP] Copy Pods Resources */,
			);
			buildRules = (
			);
			dependencies = (
				058C8368243A4DDD009F571C /* PBXTargetDependency */,
			);
			name = CMU_WFMUITests;
			productName = CMU_WFMUITests;
			productReference = 058C8366243A4DDD009F571C /* CMU_WFMUITests.xctest */;
			productType = "com.apple.product-type.bundle.ui-testing";
		};
/* End PBXNativeTarget section */

/* Begin PBXProject section */
		058C833D243A4DDB009F571C /* Project object */ = {
			isa = PBXProject;
			attributes = {
				LastSwiftUpdateCheck = 1140;
				LastUpgradeCheck = 1140;
				ORGANIZATIONNAME = Methawin;
				TargetAttributes = {
					058C8344243A4DDB009F571C = {
						CreatedOnToolsVersion = 11.4;
					};
					058C835A243A4DDD009F571C = {
						CreatedOnToolsVersion = 11.4;
						TestTargetID = 058C8344243A4DDB009F571C;
					};
					058C8365243A4DDD009F571C = {
						CreatedOnToolsVersion = 11.4;
						TestTargetID = 058C8344243A4DDB009F571C;
					};
				};
			};
			buildConfigurationList = 058C8340243A4DDB009F571C /* Build configuration list for PBXProject "CMU_WFM" */;
			compatibilityVersion = "Xcode 9.3";
			developmentRegion = en;
			hasScannedForEncodings = 0;
			knownRegions = (
				en,
				Base,
			);
			mainGroup = 058C833C243A4DDB009F571C;
			productRefGroup = 058C8346243A4DDB009F571C /* Products */;
			projectDirPath = "";
			projectRoot = "";
			targets = (
				058C8344243A4DDB009F571C /* CMU_WFM */,
				058C835A243A4DDD009F571C /* CMU_WFMTests */,
				058C8365243A4DDD009F571C /* CMU_WFMUITests */,
			);
		};
/* End PBXProject section */

/* Begin PBXResourcesBuildPhase section */
		058C8343243A4DDB009F571C /* Resources */ = {
			isa = PBXResourcesBuildPhase;
			buildActionMask = 2147483647;
			files = (
				0566A96B243C498F000C7BBC /* NewsDetailViewController.xib in Resources */,
				05624C5C2447874200045071 /* HeaderTableViewCell.xib in Resources */,
				058C8355243A4DDD009F571C /* LaunchScreen.storyboard in Resources */,
				0593D54E2444860800B76C36 /* GoogleService-Info.plist in Resources */,
				058C8352243A4DDD009F571C /* Assets.xcassets in Resources */,
				0593D5532444901E00B76C36 /* AboutViewController.xib in Resources */,
				058C8350243A4DDB009F571C /* Main.storyboard in Resources */,
			);
			runOnlyForDeploymentPostprocessing = 0;
		};
		058C8359243A4DDD009F571C /* Resources */ = {
			isa = PBXResourcesBuildPhase;
			buildActionMask = 2147483647;
			files = (
			);
			runOnlyForDeploymentPostprocessing = 0;
		};
		058C8364243A4DDD009F571C /* Resources */ = {
			isa = PBXResourcesBuildPhase;
			buildActionMask = 2147483647;
			files = (
			);
			runOnlyForDeploymentPostprocessing = 0;
		};
/* End PBXResourcesBuildPhase section */

/* Begin PBXShellScriptBuildPhase section */
		0A0432E5DE08A4B4966F3639 /* [CP] Embed Pods Frameworks */ = {
			isa = PBXShellScriptBuildPhase;
			buildActionMask = 2147483647;
			files = (
			);
			inputFileListPaths = (
				"${PODS_ROOT}/Target Support Files/Pods-CMU_WFM/Pods-CMU_WFM-frameworks-${CONFIGURATION}-input-files.xcfilelist",
			);
			name = "[CP] Embed Pods Frameworks";
			outputFileListPaths = (
				"${PODS_ROOT}/Target Support Files/Pods-CMU_WFM/Pods-CMU_WFM-frameworks-${CONFIGURATION}-output-files.xcfilelist",
			);
			runOnlyForDeploymentPostprocessing = 0;
			shellPath = /bin/sh;
			shellScript = "\"${PODS_ROOT}/Target Support Files/Pods-CMU_WFM/Pods-CMU_WFM-frameworks.sh\"\n";
			showEnvVarsInLog = 0;
		};
		42AC85018DA00F76AADDBEBF /* [CP] Embed Pods Frameworks */ = {
			isa = PBXShellScriptBuildPhase;
			buildActionMask = 2147483647;
			files = (
			);
			inputFileListPaths = (
				"${PODS_ROOT}/Target Support Files/Pods-CMU_WFM-CMU_WFMUITests/Pods-CMU_WFM-CMU_WFMUITests-frameworks-${CONFIGURATION}-input-files.xcfilelist",
			);
			name = "[CP] Embed Pods Frameworks";
			outputFileListPaths = (
				"${PODS_ROOT}/Target Support Files/Pods-CMU_WFM-CMU_WFMUITests/Pods-CMU_WFM-CMU_WFMUITests-frameworks-${CONFIGURATION}-output-files.xcfilelist",
			);
			runOnlyForDeploymentPostprocessing = 0;
			shellPath = /bin/sh;
			shellScript = "\"${PODS_ROOT}/Target Support Files/Pods-CMU_WFM-CMU_WFMUITests/Pods-CMU_WFM-CMU_WFMUITests-frameworks.sh\"\n";
			showEnvVarsInLog = 0;
		};
		49910D661ED062642329B349 /* [CP] Check Pods Manifest.lock */ = {
			isa = PBXShellScriptBuildPhase;
			buildActionMask = 2147483647;
			files = (
			);
			inputFileListPaths = (
			);
			inputPaths = (
				"${PODS_PODFILE_DIR_PATH}/Podfile.lock",
				"${PODS_ROOT}/Manifest.lock",
			);
			name = "[CP] Check Pods Manifest.lock";
			outputFileListPaths = (
			);
			outputPaths = (
				"$(DERIVED_FILE_DIR)/Pods-CMU_WFM-checkManifestLockResult.txt",
			);
			runOnlyForDeploymentPostprocessing = 0;
			shellPath = /bin/sh;
			shellScript = "diff \"${PODS_PODFILE_DIR_PATH}/Podfile.lock\" \"${PODS_ROOT}/Manifest.lock\" > /dev/null\nif [ $? != 0 ] ; then\n    # print error to STDERR\n    echo \"error: The sandbox is not in sync with the Podfile.lock. Run 'pod install' or update your CocoaPods installation.\" >&2\n    exit 1\nfi\n# This output is used by Xcode 'outputs' to avoid re-running this script phase.\necho \"SUCCESS\" > \"${SCRIPT_OUTPUT_FILE_0}\"\n";
			showEnvVarsInLog = 0;
		};
		66CDC6BFE4884B8F36F057FE /* [CP] Copy Pods Resources */ = {
			isa = PBXShellScriptBuildPhase;
			buildActionMask = 2147483647;
			files = (
			);
			inputFileListPaths = (
				"${PODS_ROOT}/Target Support Files/Pods-CMU_WFM-CMU_WFMUITests/Pods-CMU_WFM-CMU_WFMUITests-resources-${CONFIGURATION}-input-files.xcfilelist",
			);
			name = "[CP] Copy Pods Resources";
			outputFileListPaths = (
				"${PODS_ROOT}/Target Support Files/Pods-CMU_WFM-CMU_WFMUITests/Pods-CMU_WFM-CMU_WFMUITests-resources-${CONFIGURATION}-output-files.xcfilelist",
			);
			runOnlyForDeploymentPostprocessing = 0;
			shellPath = /bin/sh;
			shellScript = "\"${PODS_ROOT}/Target Support Files/Pods-CMU_WFM-CMU_WFMUITests/Pods-CMU_WFM-CMU_WFMUITests-resources.sh\"\n";
			showEnvVarsInLog = 0;
		};
		7278369FC63B51B833DF0AAD /* [CP] Check Pods Manifest.lock */ = {
			isa = PBXShellScriptBuildPhase;
			buildActionMask = 2147483647;
			files = (
			);
			inputFileListPaths = (
			);
			inputPaths = (
				"${PODS_PODFILE_DIR_PATH}/Podfile.lock",
				"${PODS_ROOT}/Manifest.lock",
			);
			name = "[CP] Check Pods Manifest.lock";
			outputFileListPaths = (
			);
			outputPaths = (
				"$(DERIVED_FILE_DIR)/Pods-CMU_WFM-CMU_WFMUITests-checkManifestLockResult.txt",
			);
			runOnlyForDeploymentPostprocessing = 0;
			shellPath = /bin/sh;
			shellScript = "diff \"${PODS_PODFILE_DIR_PATH}/Podfile.lock\" \"${PODS_ROOT}/Manifest.lock\" > /dev/null\nif [ $? != 0 ] ; then\n    # print error to STDERR\n    echo \"error: The sandbox is not in sync with the Podfile.lock. Run 'pod install' or update your CocoaPods installation.\" >&2\n    exit 1\nfi\n# This output is used by Xcode 'outputs' to avoid re-running this script phase.\necho \"SUCCESS\" > \"${SCRIPT_OUTPUT_FILE_0}\"\n";
			showEnvVarsInLog = 0;
		};
		750BA9C6925E0CD53C817F31 /* [CP] Copy Pods Resources */ = {
			isa = PBXShellScriptBuildPhase;
			buildActionMask = 2147483647;
			files = (
			);
			inputFileListPaths = (
				"${PODS_ROOT}/Target Support Files/Pods-CMU_WFM/Pods-CMU_WFM-resources-${CONFIGURATION}-input-files.xcfilelist",
			);
			name = "[CP] Copy Pods Resources";
			outputFileListPaths = (
				"${PODS_ROOT}/Target Support Files/Pods-CMU_WFM/Pods-CMU_WFM-resources-${CONFIGURATION}-output-files.xcfilelist",
			);
			runOnlyForDeploymentPostprocessing = 0;
			shellPath = /bin/sh;
			shellScript = "\"${PODS_ROOT}/Target Support Files/Pods-CMU_WFM/Pods-CMU_WFM-resources.sh\"\n";
			showEnvVarsInLog = 0;
		};
		C403B9AF3CE5FDF446DA8327 /* [CP] Check Pods Manifest.lock */ = {
			isa = PBXShellScriptBuildPhase;
			buildActionMask = 2147483647;
			files = (
			);
			inputFileListPaths = (
			);
			inputPaths = (
				"${PODS_PODFILE_DIR_PATH}/Podfile.lock",
				"${PODS_ROOT}/Manifest.lock",
			);
			name = "[CP] Check Pods Manifest.lock";
			outputFileListPaths = (
			);
			outputPaths = (
				"$(DERIVED_FILE_DIR)/Pods-CMU_WFMTests-checkManifestLockResult.txt",
			);
			runOnlyForDeploymentPostprocessing = 0;
			shellPath = /bin/sh;
			shellScript = "diff \"${PODS_PODFILE_DIR_PATH}/Podfile.lock\" \"${PODS_ROOT}/Manifest.lock\" > /dev/null\nif [ $? != 0 ] ; then\n    # print error to STDERR\n    echo \"error: The sandbox is not in sync with the Podfile.lock. Run 'pod install' or update your CocoaPods installation.\" >&2\n    exit 1\nfi\n# This output is used by Xcode 'outputs' to avoid re-running this script phase.\necho \"SUCCESS\" > \"${SCRIPT_OUTPUT_FILE_0}\"\n";
			showEnvVarsInLog = 0;
		};
/* End PBXShellScriptBuildPhase section */

/* Begin PBXSourcesBuildPhase section */
		058C8341243A4DDB009F571C /* Sources */ = {
			isa = PBXSourcesBuildPhase;
			buildActionMask = 2147483647;
			files = (
				0566A96A243C498F000C7BBC /* NewsDetailViewController.swift in Sources */,
				0566A964243C3902000C7BBC /* News.swift in Sources */,
				05624C58244785FB00045071 /* WorkTableViewController.swift in Sources */,
				0593D5522444901E00B76C36 /* AboutViewController.swift in Sources */,
				0592F1FB2441C7C000AE527D /* ProfileViewController.swift in Sources */,
				0561C9B2243B96D1006A17BD /* LoginViewController.swift in Sources */,
				058C834D243A4DDB009F571C /* ViewController.swift in Sources */,
				0566A966243C3B59000C7BBC /* LocalFile.swift in Sources */,
				0566A96E243C5824000C7BBC /* StringExtension.swift in Sources */,
				058C8349243A4DDB009F571C /* AppDelegate.swift in Sources */,
				05624C5B2447874200045071 /* HeaderTableViewCell.swift in Sources */,
				0566A962243C38F9000C7BBC /* User.swift in Sources */,
				058C834B243A4DDB009F571C /* SceneDelegate.swift in Sources */,
				0592F1FE2441CFB300AE527D /* LunchViewController.swift in Sources */,
			);
			runOnlyForDeploymentPostprocessing = 0;
		};
		058C8357243A4DDD009F571C /* Sources */ = {
			isa = PBXSourcesBuildPhase;
			buildActionMask = 2147483647;
			files = (
				058C8360243A4DDD009F571C /* CMU_WFMTests.swift in Sources */,
			);
			runOnlyForDeploymentPostprocessing = 0;
		};
		058C8362243A4DDD009F571C /* Sources */ = {
			isa = PBXSourcesBuildPhase;
			buildActionMask = 2147483647;
			files = (
				058C836B243A4DDD009F571C /* CMU_WFMUITests.swift in Sources */,
			);
			runOnlyForDeploymentPostprocessing = 0;
		};
/* End PBXSourcesBuildPhase section */

/* Begin PBXTargetDependency section */
		058C835D243A4DDD009F571C /* PBXTargetDependency */ = {
			isa = PBXTargetDependency;
			target = 058C8344243A4DDB009F571C /* CMU_WFM */;
			targetProxy = 058C835C243A4DDD009F571C /* PBXContainerItemProxy */;
		};
		058C8368243A4DDD009F571C /* PBXTargetDependency */ = {
			isa = PBXTargetDependency;
			target = 058C8344243A4DDB009F571C /* CMU_WFM */;
			targetProxy = 058C8367243A4DDD009F571C /* PBXContainerItemProxy */;
		};
/* End PBXTargetDependency section */

/* Begin PBXVariantGroup section */
		058C834E243A4DDB009F571C /* Main.storyboard */ = {
			isa = PBXVariantGroup;
			children = (
				058C834F243A4DDB009F571C /* Base */,
			);
			name = Main.storyboard;
			sourceTree = "<group>";
		};
		058C8353243A4DDD009F571C /* LaunchScreen.storyboard */ = {
			isa = PBXVariantGroup;
			children = (
				058C8354243A4DDD009F571C /* Base */,
			);
			name = LaunchScreen.storyboard;
			sourceTree = "<group>";
		};
/* End PBXVariantGroup section */

/* Begin XCBuildConfiguration section */
		058C836D243A4DDD009F571C /* Debug */ = {
			isa = XCBuildConfiguration;
			buildSettings = {
				ALWAYS_SEARCH_USER_PATHS = NO;
				CLANG_ANALYZER_NONNULL = YES;
				CLANG_ANALYZER_NUMBER_OBJECT_CONVERSION = YES_AGGRESSIVE;
				CLANG_CXX_LANGUAGE_STANDARD = "gnu++14";
				CLANG_CXX_LIBRARY = "libc++";
				CLANG_ENABLE_MODULES = YES;
				CLANG_ENABLE_OBJC_ARC = YES;
				CLANG_ENABLE_OBJC_WEAK = YES;
				CLANG_WARN_BLOCK_CAPTURE_AUTORELEASING = YES;
				CLANG_WARN_BOOL_CONVERSION = YES;
				CLANG_WARN_COMMA = YES;
				CLANG_WARN_CONSTANT_CONVERSION = YES;
				CLANG_WARN_DEPRECATED_OBJC_IMPLEMENTATIONS = YES;
				CLANG_WARN_DIRECT_OBJC_ISA_USAGE = YES_ERROR;
				CLANG_WARN_DOCUMENTATION_COMMENTS = YES;
				CLANG_WARN_EMPTY_BODY = YES;
				CLANG_WARN_ENUM_CONVERSION = YES;
				CLANG_WARN_INFINITE_RECURSION = YES;
				CLANG_WARN_INT_CONVERSION = YES;
				CLANG_WARN_NON_LITERAL_NULL_CONVERSION = YES;
				CLANG_WARN_OBJC_IMPLICIT_RETAIN_SELF = YES;
				CLANG_WARN_OBJC_LITERAL_CONVERSION = YES;
				CLANG_WARN_OBJC_ROOT_CLASS = YES_ERROR;
				CLANG_WARN_RANGE_LOOP_ANALYSIS = YES;
				CLANG_WARN_STRICT_PROTOTYPES = YES;
				CLANG_WARN_SUSPICIOUS_MOVE = YES;
				CLANG_WARN_UNGUARDED_AVAILABILITY = YES_AGGRESSIVE;
				CLANG_WARN_UNREACHABLE_CODE = YES;
				CLANG_WARN__DUPLICATE_METHOD_MATCH = YES;
				COPY_PHASE_STRIP = NO;
				DEBUG_INFORMATION_FORMAT = dwarf;
				ENABLE_STRICT_OBJC_MSGSEND = YES;
				ENABLE_TESTABILITY = YES;
				GCC_C_LANGUAGE_STANDARD = gnu11;
				GCC_DYNAMIC_NO_PIC = NO;
				GCC_NO_COMMON_BLOCKS = YES;
				GCC_OPTIMIZATION_LEVEL = 0;
				GCC_PREPROCESSOR_DEFINITIONS = (
					"DEBUG=1",
					"$(inherited)",
				);
				GCC_WARN_64_TO_32_BIT_CONVERSION = YES;
				GCC_WARN_ABOUT_RETURN_TYPE = YES_ERROR;
				GCC_WARN_UNDECLARED_SELECTOR = YES;
				GCC_WARN_UNINITIALIZED_AUTOS = YES_AGGRESSIVE;
				GCC_WARN_UNUSED_FUNCTION = YES;
				GCC_WARN_UNUSED_VARIABLE = YES;
				IPHONEOS_DEPLOYMENT_TARGET = 13.4;
				MTL_ENABLE_DEBUG_INFO = INCLUDE_SOURCE;
				MTL_FAST_MATH = YES;
				ONLY_ACTIVE_ARCH = YES;
				SDKROOT = iphoneos;
				SWIFT_ACTIVE_COMPILATION_CONDITIONS = DEBUG;
				SWIFT_OPTIMIZATION_LEVEL = "-Onone";
			};
			name = Debug;
		};
		058C836E243A4DDD009F571C /* Release */ = {
			isa = XCBuildConfiguration;
			buildSettings = {
				ALWAYS_SEARCH_USER_PATHS = NO;
				CLANG_ANALYZER_NONNULL = YES;
				CLANG_ANALYZER_NUMBER_OBJECT_CONVERSION = YES_AGGRESSIVE;
				CLANG_CXX_LANGUAGE_STANDARD = "gnu++14";
				CLANG_CXX_LIBRARY = "libc++";
				CLANG_ENABLE_MODULES = YES;
				CLANG_ENABLE_OBJC_ARC = YES;
				CLANG_ENABLE_OBJC_WEAK = YES;
				CLANG_WARN_BLOCK_CAPTURE_AUTORELEASING = YES;
				CLANG_WARN_BOOL_CONVERSION = YES;
				CLANG_WARN_COMMA = YES;
				CLANG_WARN_CONSTANT_CONVERSION = YES;
				CLANG_WARN_DEPRECATED_OBJC_IMPLEMENTATIONS = YES;
				CLANG_WARN_DIRECT_OBJC_ISA_USAGE = YES_ERROR;
				CLANG_WARN_DOCUMENTATION_COMMENTS = YES;
				CLANG_WARN_EMPTY_BODY = YES;
				CLANG_WARN_ENUM_CONVERSION = YES;
				CLANG_WARN_INFINITE_RECURSION = YES;
				CLANG_WARN_INT_CONVERSION = YES;
				CLANG_WARN_NON_LITERAL_NULL_CONVERSION = YES;
				CLANG_WARN_OBJC_IMPLICIT_RETAIN_SELF = YES;
				CLANG_WARN_OBJC_LITERAL_CONVERSION = YES;
				CLANG_WARN_OBJC_ROOT_CLASS = YES_ERROR;
				CLANG_WARN_RANGE_LOOP_ANALYSIS = YES;
				CLANG_WARN_STRICT_PROTOTYPES = YES;
				CLANG_WARN_SUSPICIOUS_MOVE = YES;
				CLANG_WARN_UNGUARDED_AVAILABILITY = YES_AGGRESSIVE;
				CLANG_WARN_UNREACHABLE_CODE = YES;
				CLANG_WARN__DUPLICATE_METHOD_MATCH = YES;
				COPY_PHASE_STRIP = NO;
				DEBUG_INFORMATION_FORMAT = "dwarf-with-dsym";
				ENABLE_NS_ASSERTIONS = NO;
				ENABLE_STRICT_OBJC_MSGSEND = YES;
				GCC_C_LANGUAGE_STANDARD = gnu11;
				GCC_NO_COMMON_BLOCKS = YES;
				GCC_WARN_64_TO_32_BIT_CONVERSION = YES;
				GCC_WARN_ABOUT_RETURN_TYPE = YES_ERROR;
				GCC_WARN_UNDECLARED_SELECTOR = YES;
				GCC_WARN_UNINITIALIZED_AUTOS = YES_AGGRESSIVE;
				GCC_WARN_UNUSED_FUNCTION = YES;
				GCC_WARN_UNUSED_VARIABLE = YES;
				IPHONEOS_DEPLOYMENT_TARGET = 13.4;
				MTL_ENABLE_DEBUG_INFO = NO;
				MTL_FAST_MATH = YES;
				SDKROOT = iphoneos;
				SWIFT_COMPILATION_MODE = wholemodule;
				SWIFT_OPTIMIZATION_LEVEL = "-O";
				VALIDATE_PRODUCT = YES;
			};
			name = Release;
		};
		058C8370243A4DDD009F571C /* Debug */ = {
			isa = XCBuildConfiguration;
			baseConfigurationReference = 90FFC32B94E07C7F8A2432E2 /* Pods-CMU_WFM.debug.xcconfig */;
			buildSettings = {
				ASSETCATALOG_COMPILER_APPICON_NAME = AppIcon;
				CODE_SIGN_STYLE = Automatic;
				DEVELOPMENT_TEAM = A49H7TT38G;
				INFOPLIST_FILE = CMU_WFM/Info.plist;
				LD_RUNPATH_SEARCH_PATHS = (
					"$(inherited)",
					"@executable_path/Frameworks",
				);
				PRODUCT_BUNDLE_IDENTIFIER = "GEIVIINI.CMU-WFM";
				PRODUCT_NAME = "$(TARGET_NAME)";
				SWIFT_VERSION = 5.0;
				TARGETED_DEVICE_FAMILY = "1,2";
			};
			name = Debug;
		};
		058C8371243A4DDD009F571C /* Release */ = {
			isa = XCBuildConfiguration;
			baseConfigurationReference = 6079591AA999541B74686D34 /* Pods-CMU_WFM.release.xcconfig */;
			buildSettings = {
				ASSETCATALOG_COMPILER_APPICON_NAME = AppIcon;
				CODE_SIGN_STYLE = Automatic;
				DEVELOPMENT_TEAM = A49H7TT38G;
				INFOPLIST_FILE = CMU_WFM/Info.plist;
				LD_RUNPATH_SEARCH_PATHS = (
					"$(inherited)",
					"@executable_path/Frameworks",
				);
				PRODUCT_BUNDLE_IDENTIFIER = "GEIVIINI.CMU-WFM";
				PRODUCT_NAME = "$(TARGET_NAME)";
				SWIFT_VERSION = 5.0;
				TARGETED_DEVICE_FAMILY = "1,2";
			};
			name = Release;
		};
		058C8373243A4DDD009F571C /* Debug */ = {
			isa = XCBuildConfiguration;
			baseConfigurationReference = AC0B174D745947059943DCE2 /* Pods-CMU_WFMTests.debug.xcconfig */;
			buildSettings = {
				ALWAYS_EMBED_SWIFT_STANDARD_LIBRARIES = YES;
				BUNDLE_LOADER = "$(TEST_HOST)";
				CODE_SIGN_STYLE = Automatic;
				DEVELOPMENT_TEAM = A49H7TT38G;
				INFOPLIST_FILE = CMU_WFMTests/Info.plist;
				IPHONEOS_DEPLOYMENT_TARGET = 13.4;
				LD_RUNPATH_SEARCH_PATHS = (
					"$(inherited)",
					"@executable_path/Frameworks",
					"@loader_path/Frameworks",
				);
				PRODUCT_BUNDLE_IDENTIFIER = "GEIVIINI.CMU-WFMTests";
				PRODUCT_NAME = "$(TARGET_NAME)";
				SWIFT_VERSION = 5.0;
				TARGETED_DEVICE_FAMILY = "1,2";
				TEST_HOST = "$(BUILT_PRODUCTS_DIR)/CMU_WFM.app/CMU_WFM";
			};
			name = Debug;
		};
		058C8374243A4DDD009F571C /* Release */ = {
			isa = XCBuildConfiguration;
			baseConfigurationReference = 1F83CCEBA2B2DC890B12A4BF /* Pods-CMU_WFMTests.release.xcconfig */;
			buildSettings = {
				ALWAYS_EMBED_SWIFT_STANDARD_LIBRARIES = YES;
				BUNDLE_LOADER = "$(TEST_HOST)";
				CODE_SIGN_STYLE = Automatic;
				DEVELOPMENT_TEAM = A49H7TT38G;
				INFOPLIST_FILE = CMU_WFMTests/Info.plist;
				IPHONEOS_DEPLOYMENT_TARGET = 13.4;
				LD_RUNPATH_SEARCH_PATHS = (
					"$(inherited)",
					"@executable_path/Frameworks",
					"@loader_path/Frameworks",
				);
				PRODUCT_BUNDLE_IDENTIFIER = "GEIVIINI.CMU-WFMTests";
				PRODUCT_NAME = "$(TARGET_NAME)";
				SWIFT_VERSION = 5.0;
				TARGETED_DEVICE_FAMILY = "1,2";
				TEST_HOST = "$(BUILT_PRODUCTS_DIR)/CMU_WFM.app/CMU_WFM";
			};
			name = Release;
		};
		058C8376243A4DDD009F571C /* Debug */ = {
			isa = XCBuildConfiguration;
			baseConfigurationReference = 78654B25AD3BDEB194093BDE /* Pods-CMU_WFM-CMU_WFMUITests.debug.xcconfig */;
			buildSettings = {
				ALWAYS_EMBED_SWIFT_STANDARD_LIBRARIES = YES;
				CODE_SIGN_STYLE = Automatic;
				DEVELOPMENT_TEAM = A49H7TT38G;
				INFOPLIST_FILE = CMU_WFMUITests/Info.plist;
				LD_RUNPATH_SEARCH_PATHS = (
					"$(inherited)",
					"@executable_path/Frameworks",
					"@loader_path/Frameworks",
				);
				PRODUCT_BUNDLE_IDENTIFIER = "GEIVIINI.CMU-WFMUITests";
				PRODUCT_NAME = "$(TARGET_NAME)";
				SWIFT_VERSION = 5.0;
				TARGETED_DEVICE_FAMILY = "1,2";
				TEST_TARGET_NAME = CMU_WFM;
			};
			name = Debug;
		};
		058C8377243A4DDD009F571C /* Release */ = {
			isa = XCBuildConfiguration;
			baseConfigurationReference = F35282C6841BDFAF3DB8AB9A /* Pods-CMU_WFM-CMU_WFMUITests.release.xcconfig */;
			buildSettings = {
				ALWAYS_EMBED_SWIFT_STANDARD_LIBRARIES = YES;
				CODE_SIGN_STYLE = Automatic;
				DEVELOPMENT_TEAM = A49H7TT38G;
				INFOPLIST_FILE = CMU_WFMUITests/Info.plist;
				LD_RUNPATH_SEARCH_PATHS = (
					"$(inherited)",
					"@executable_path/Frameworks",
					"@loader_path/Frameworks",
				);
				PRODUCT_BUNDLE_IDENTIFIER = "GEIVIINI.CMU-WFMUITests";
				PRODUCT_NAME = "$(TARGET_NAME)";
				SWIFT_VERSION = 5.0;
				TARGETED_DEVICE_FAMILY = "1,2";
				TEST_TARGET_NAME = CMU_WFM;
			};
			name = Release;
		};
/* End XCBuildConfiguration section */

/* Begin XCConfigurationList section */
		058C8340243A4DDB009F571C /* Build configuration list for PBXProject "CMU_WFM" */ = {
			isa = XCConfigurationList;
			buildConfigurations = (
				058C836D243A4DDD009F571C /* Debug */,
				058C836E243A4DDD009F571C /* Release */,
			);
			defaultConfigurationIsVisible = 0;
			defaultConfigurationName = Release;
		};
		058C836F243A4DDD009F571C /* Build configuration list for PBXNativeTarget "CMU_WFM" */ = {
			isa = XCConfigurationList;
			buildConfigurations = (
				058C8370243A4DDD009F571C /* Debug */,
				058C8371243A4DDD009F571C /* Release */,
			);
			defaultConfigurationIsVisible = 0;
			defaultConfigurationName = Release;
		};
		058C8372243A4DDD009F571C /* Build configuration list for PBXNativeTarget "CMU_WFMTests" */ = {
			isa = XCConfigurationList;
			buildConfigurations = (
				058C8373243A4DDD009F571C /* Debug */,
				058C8374243A4DDD009F571C /* Release */,
			);
			defaultConfigurationIsVisible = 0;
			defaultConfigurationName = Release;
		};
		058C8375243A4DDD009F571C /* Build configuration list for PBXNativeTarget "CMU_WFMUITests" */ = {
			isa = XCConfigurationList;
			buildConfigurations = (
				058C8376243A4DDD009F571C /* Debug */,
				058C8377243A4DDD009F571C /* Release */,
			);
			defaultConfigurationIsVisible = 0;
			defaultConfigurationName = Release;
		};
/* End XCConfigurationList section */
	};
	rootObject = 058C833D243A4DDB009F571C /* Project object */;
}
